# This file was autogenerated by Stack.
# You should not edit this file by hand.
# For more information, please see the documentation at:
#   https://docs.haskellstack.org/en/stable/lock_files

packages:
- completed:
    hackage: heist-1.0.1.0@sha256:1c13df8c04cccb2411194ac5b8df0828e9d5f4336c5bbe891c5969e1c5c60fe4,8777
    pantry-tree:
      size: 7354
      sha256: f117ee17c65d5a199e6825ab61ee368210d07437a63515addcf27f42edb2690b
  original:
    hackage: heist-1.0.1.0
- completed:
    hackage: map-syntax-0.2.0.2@sha256:46c9473924c290cd8346ac1acc4922e916d5366b843e4b86e9b783d3f2ba6389,2133
    pantry-tree:
      size: 558
      sha256: 15ad4020d5f8643156b54338726e121fd9b764a2dbf8d66795e25322ceb1abdd
  original:
    hackage: map-syntax-0.2.0.2
- completed:
    hackage: snap-1.0.0.1@sha256:572f228249356af9148351bd4d6f2d4a8bab4f5bfb07b51d7353ef4e16006a4e,8983
    pantry-tree:
      size: 5743
      sha256: 8a98390a5fb2175e6e809d2166f5f4f250bc118a1027e1875418c3b1f920e1ed
  original:
    hackage: snap-1.0.0.1
snapshots:
- completed:
    size: 514906
    url: https://raw.githubusercontent.com/commercialhaskell/stackage-snapshots/master/lts/8/15.yaml
    sha256: e78b03712c4e9d672323ed3045ac085a5ddff3732863130f12cd661c468c3bbd
  original: lts-8.15
